
Microsoft Visual Studio Solution File, Format Version 12.00
# Visual Studio Version 16
VisualStudioVersion = 16.0.29123.88
MinimumVisualStudioVersion = 10.0.40219.1
Project("{FAE04EC0-301F-11D3-BF4B-00C04F79EFBC}") = "ObjectClassification", "ObjectClassification\ObjectClassification.csproj", "{7D033E8F-DE76-46E7-A4C3-86788F61D5B0}"
EndProject
Global
	GlobalSection(SolutionConfigurationPlatforms) = preSolution
		Debug|Any CPU = Debug|Any CPU
		Release|Any CPU = Release|Any CPU
	EndGlobalSection
	GlobalSection(ProjectConfigurationPlatforms) = postSolution
		{7D033E8F-DE76-46E7-A4C3-86788F61D5B0}.Debug|Any CPU.ActiveCfg = Debug|Any CPU
		{7D033E8F-DE76-46E7-A4C3-86788F61D5B0}.Debug|Any CPU.Build.0 = Debug|Any CPU
		{7D033E8F-DE76-46E7-A4C3-86788F61D5B0}.Release|Any CPU.ActiveCfg = Release|Any CPU
		{7D033E8F-DE76-46E7-A4C3-86788F61D5B0}.Release|Any CPU.Build.0 = Release|Any CPU
	EndGlobalSection
	GlobalSection(SolutionProperties) = preSolution
		HideSolutionNode = FALSE
	EndGlobalSection
	GlobalSection(ExtensibilityGlobals) = postSolution
		SolutionGuid = {16702FBC-0A7B-403D-AB97-99B2A355CD57}
	EndGlobalSection
EndGlobal
